
Microsoft Visual Studio Solution File, Format Version 12.00
# Visual Studio 2013
VisualStudioVersion = 12.0.31101.0
MinimumVisualStudioVersion = 10.0.40219.1
Project("{CC5FD16D-436D-48AD-A40C-5A424C6E3E79}") = "ResearchPlatform", "ResearchPlatform\ResearchPlatform.ccproj", "{52C3FF4A-A9C0-405A-A798-CCB108C75156}"
EndProject
Project("{FAE04EC0-301F-11D3-BF4B-00C04F79EFBC}") = "WebRole1", "WebRole1\WebRole1.csproj", "{75BBEC5E-DB4A-4EF5-9568-805F675E5ED2}"
EndProject
Project("{FAE04EC0-301F-11D3-BF4B-00C04F79EFBC}") = "WorkerRole1", "WorkerRole1\WorkerRole1.csproj", "{03312B82-F92E-4C6E-856A-37E4A7987C73}"
EndProject
Project("{FAE04EC0-301F-11D3-BF4B-00C04F79EFBC}") = "CacheWorkerRole1", "CacheWorkerRole1\CacheWorkerRole1.csproj", "{B2CBE9C9-0656-45E2-A7A4-58C310FAD6C5}"
EndProject
Project("{FAE04EC0-301F-11D3-BF4B-00C04F79EFBC}") = "WorkerRoleWithSBQueue1", "WorkerRoleWithSBQueue1\WorkerRoleWithSBQueue1.csproj", "{F0C7FC5F-9F3F-4FEE-B045-3AF2CBAE1FBB}"
EndProject
Global
	GlobalSection(SolutionConfigurationPlatforms) = preSolution
		Debug|Any CPU = Debug|Any CPU
		Release|Any CPU = Release|Any CPU
	EndGlobalSection
	GlobalSection(ProjectConfigurationPlatforms) = postSolution
		{52C3FF4A-A9C0-405A-A798-CCB108C75156}.Debug|Any CPU.ActiveCfg = Debug|Any CPU
		{52C3FF4A-A9C0-405A-A798-CCB108C75156}.Debug|Any CPU.Build.0 = Debug|Any CPU
		{52C3FF4A-A9C0-405A-A798-CCB108C75156}.Release|Any CPU.ActiveCfg = Release|Any CPU
		{52C3FF4A-A9C0-405A-A798-CCB108C75156}.Release|Any CPU.Build.0 = Release|Any CPU
		{75BBEC5E-DB4A-4EF5-9568-805F675E5ED2}.Debug|Any CPU.ActiveCfg = Debug|Any CPU
		{75BBEC5E-DB4A-4EF5-9568-805F675E5ED2}.Debug|Any CPU.Build.0 = Debug|Any CPU
		{75BBEC5E-DB4A-4EF5-9568-805F675E5ED2}.Release|Any CPU.ActiveCfg = Release|Any CPU
		{75BBEC5E-DB4A-4EF5-9568-805F675E5ED2}.Release|Any CPU.Build.0 = Release|Any CPU
		{03312B82-F92E-4C6E-856A-37E4A7987C73}.Debug|Any CPU.ActiveCfg = Debug|Any CPU
		{03312B82-F92E-4C6E-856A-37E4A7987C73}.Debug|Any CPU.Build.0 = Debug|Any CPU
		{03312B82-F92E-4C6E-856A-37E4A7987C73}.Release|Any CPU.ActiveCfg = Release|Any CPU
		{03312B82-F92E-4C6E-856A-37E4A7987C73}.Release|Any CPU.Build.0 = Release|Any CPU
		{B2CBE9C9-0656-45E2-A7A4-58C310FAD6C5}.Debug|Any CPU.ActiveCfg = Debug|Any CPU
		{B2CBE9C9-0656-45E2-A7A4-58C310FAD6C5}.Debug|Any CPU.Build.0 = Debug|Any CPU
		{B2CBE9C9-0656-45E2-A7A4-58C310FAD6C5}.Release|Any CPU.ActiveCfg = Release|Any CPU
		{B2CBE9C9-0656-45E2-A7A4-58C310FAD6C5}.Release|Any CPU.Build.0 = Release|Any CPU
		{F0C7FC5F-9F3F-4FEE-B045-3AF2CBAE1FBB}.Debug|Any CPU.ActiveCfg = Debug|Any CPU
		{F0C7FC5F-9F3F-4FEE-B045-3AF2CBAE1FBB}.Debug|Any CPU.Build.0 = Debug|Any CPU
		{F0C7FC5F-9F3F-4FEE-B045-3AF2CBAE1FBB}.Release|Any CPU.ActiveCfg = Release|Any CPU
		{F0C7FC5F-9F3F-4FEE-B045-3AF2CBAE1FBB}.Release|Any CPU.Build.0 = Release|Any CPU
	EndGlobalSection
	GlobalSection(SolutionProperties) = preSolution
		HideSolutionNode = FALSE
	EndGlobalSection
EndGlobal
