
Microsoft Visual Studio Solution File, Format Version 12.00
# Visual Studio 2013
VisualStudioVersion = 12.0.31101.0
MinimumVisualStudioVersion = 10.0.40219.1
Project("{CC5FD16D-436D-48AD-A40C-5A424C6E3E79}") = "Cloud", "Cloud\Cloud.ccproj", "{48EF070E-3C2E-41CC-9D22-E6FCA33692AA}"
EndProject
Project("{FAE04EC0-301F-11D3-BF4B-00C04F79EFBC}") = "Platform", "Platform\Platform.csproj", "{531E2299-98FC-4F14-B2FA-31D1B59BE9C9}"
EndProject
Project("{FAE04EC0-301F-11D3-BF4B-00C04F79EFBC}") = "Automation Service", "Automation Service\Automation Service.csproj", "{5C3C363D-6CD8-4640-B633-5A043A22A800}"
EndProject
Global
	GlobalSection(SolutionConfigurationPlatforms) = preSolution
		Debug|Any CPU = Debug|Any CPU
		Release|Any CPU = Release|Any CPU
	EndGlobalSection
	GlobalSection(ProjectConfigurationPlatforms) = postSolution
		{48EF070E-3C2E-41CC-9D22-E6FCA33692AA}.Debug|Any CPU.ActiveCfg = Debug|Any CPU
		{48EF070E-3C2E-41CC-9D22-E6FCA33692AA}.Debug|Any CPU.Build.0 = Debug|Any CPU
		{48EF070E-3C2E-41CC-9D22-E6FCA33692AA}.Release|Any CPU.ActiveCfg = Release|Any CPU
		{48EF070E-3C2E-41CC-9D22-E6FCA33692AA}.Release|Any CPU.Build.0 = Release|Any CPU
		{531E2299-98FC-4F14-B2FA-31D1B59BE9C9}.Debug|Any CPU.ActiveCfg = Debug|Any CPU
		{531E2299-98FC-4F14-B2FA-31D1B59BE9C9}.Debug|Any CPU.Build.0 = Debug|Any CPU
		{531E2299-98FC-4F14-B2FA-31D1B59BE9C9}.Release|Any CPU.ActiveCfg = Release|Any CPU
		{531E2299-98FC-4F14-B2FA-31D1B59BE9C9}.Release|Any CPU.Build.0 = Release|Any CPU
		{5C3C363D-6CD8-4640-B633-5A043A22A800}.Debug|Any CPU.ActiveCfg = Debug|Any CPU
		{5C3C363D-6CD8-4640-B633-5A043A22A800}.Debug|Any CPU.Build.0 = Debug|Any CPU
		{5C3C363D-6CD8-4640-B633-5A043A22A800}.Release|Any CPU.ActiveCfg = Release|Any CPU
		{5C3C363D-6CD8-4640-B633-5A043A22A800}.Release|Any CPU.Build.0 = Release|Any CPU
	EndGlobalSection
	GlobalSection(SolutionProperties) = preSolution
		HideSolutionNode = FALSE
	EndGlobalSection
EndGlobal
