
Microsoft Visual Studio Solution File, Format Version 12.00
# Visual Studio 2013
VisualStudioVersion = 12.0.31101.0
MinimumVisualStudioVersion = 10.0.40219.1
Project("{CC5FD16D-436D-48AD-A40C-5A424C6E3E79}") = "UCDavisCloud", "UCDavisCloud\UCDavisCloud.ccproj", "{760E4D22-2FA4-41ED-9234-C9D336F4EEE2}"
EndProject
Project("{FAE04EC0-301F-11D3-BF4B-00C04F79EFBC}") = "Platform", "Platform\Platform.csproj", "{063AA1AD-9B65-42FD-9A63-D07EB1C47FEF}"
EndProject
Project("{FAE04EC0-301F-11D3-BF4B-00C04F79EFBC}") = "Platform.Tests", "Platform.Tests\Platform.Tests.csproj", "{570B3A6B-E1BC-4996-A22E-1A2BEA3EAA6E}"
EndProject
Project("{FAE04EC0-301F-11D3-BF4B-00C04F79EFBC}") = "AutomationService", "AutomationService\AutomationService.csproj", "{259403FD-E57E-4195-B641-A905A168CCCC}"
EndProject
Project("{FAE04EC0-301F-11D3-BF4B-00C04F79EFBC}") = "ManagementPlatform", "ManagementPlatform\ManagementPlatform.csproj", "{0FC462B4-291B-4271-92BB-DC72F60A6015}"
EndProject
Project("{FAE04EC0-301F-11D3-BF4B-00C04F79EFBC}") = "ManagementPlatform.Tests", "ManagementPlatform.Tests\ManagementPlatform.Tests.csproj", "{9E6DC8A6-2BAF-47E5-AA05-72DAF3037DE3}"
EndProject
Project("{FAE04EC0-301F-11D3-BF4B-00C04F79EFBC}") = "MeteringBillingService", "MeteringBillingService\MeteringBillingService.csproj", "{1C489AA6-9609-41AA-BAC8-A8BB6F693C37}"
EndProject
Project("{FAE04EC0-301F-11D3-BF4B-00C04F79EFBC}") = "CloudManagementAPI", "CloudManagementAPI\CloudManagementAPI.csproj", "{CB6D2623-FBF4-4D7E-8149-7AE6EC1FF8BE}"
EndProject
Project("{FAE04EC0-301F-11D3-BF4B-00C04F79EFBC}") = "CloudManagementAPI.Tests", "CloudManagementAPI.Tests\CloudManagementAPI.Tests.csproj", "{ED2A30D1-3500-4D5E-8519-2D6DCF82BD2E}"
EndProject
Project("{FAE04EC0-301F-11D3-BF4B-00C04F79EFBC}") = "ResearchDataIngestionAPI", "ResearchDataIngestionAPI\ResearchDataIngestionAPI.csproj", "{49E7D858-DB3E-48F0-84C7-2A457231BE0A}"
EndProject
Project("{FAE04EC0-301F-11D3-BF4B-00C04F79EFBC}") = "ResearchDataIngestionAPI.Tests", "ResearchDataIngestionAPI.Tests\ResearchDataIngestionAPI.Tests.csproj", "{5D52AEE6-3709-41FB-BFA0-D25B1DD61FC2}"
EndProject
Global
	GlobalSection(SolutionConfigurationPlatforms) = preSolution
		Debug|Any CPU = Debug|Any CPU
		Release|Any CPU = Release|Any CPU
	EndGlobalSection
	GlobalSection(ProjectConfigurationPlatforms) = postSolution
		{760E4D22-2FA4-41ED-9234-C9D336F4EEE2}.Debug|Any CPU.ActiveCfg = Debug|Any CPU
		{760E4D22-2FA4-41ED-9234-C9D336F4EEE2}.Debug|Any CPU.Build.0 = Debug|Any CPU
		{760E4D22-2FA4-41ED-9234-C9D336F4EEE2}.Release|Any CPU.ActiveCfg = Release|Any CPU
		{760E4D22-2FA4-41ED-9234-C9D336F4EEE2}.Release|Any CPU.Build.0 = Release|Any CPU
		{063AA1AD-9B65-42FD-9A63-D07EB1C47FEF}.Debug|Any CPU.ActiveCfg = Debug|Any CPU
		{063AA1AD-9B65-42FD-9A63-D07EB1C47FEF}.Debug|Any CPU.Build.0 = Debug|Any CPU
		{063AA1AD-9B65-42FD-9A63-D07EB1C47FEF}.Release|Any CPU.ActiveCfg = Release|Any CPU
		{063AA1AD-9B65-42FD-9A63-D07EB1C47FEF}.Release|Any CPU.Build.0 = Release|Any CPU
		{570B3A6B-E1BC-4996-A22E-1A2BEA3EAA6E}.Debug|Any CPU.ActiveCfg = Debug|Any CPU
		{570B3A6B-E1BC-4996-A22E-1A2BEA3EAA6E}.Debug|Any CPU.Build.0 = Debug|Any CPU
		{570B3A6B-E1BC-4996-A22E-1A2BEA3EAA6E}.Release|Any CPU.ActiveCfg = Release|Any CPU
		{570B3A6B-E1BC-4996-A22E-1A2BEA3EAA6E}.Release|Any CPU.Build.0 = Release|Any CPU
		{259403FD-E57E-4195-B641-A905A168CCCC}.Debug|Any CPU.ActiveCfg = Debug|Any CPU
		{259403FD-E57E-4195-B641-A905A168CCCC}.Debug|Any CPU.Build.0 = Debug|Any CPU
		{259403FD-E57E-4195-B641-A905A168CCCC}.Release|Any CPU.ActiveCfg = Release|Any CPU
		{259403FD-E57E-4195-B641-A905A168CCCC}.Release|Any CPU.Build.0 = Release|Any CPU
		{0FC462B4-291B-4271-92BB-DC72F60A6015}.Debug|Any CPU.ActiveCfg = Debug|Any CPU
		{0FC462B4-291B-4271-92BB-DC72F60A6015}.Debug|Any CPU.Build.0 = Debug|Any CPU
		{0FC462B4-291B-4271-92BB-DC72F60A6015}.Release|Any CPU.ActiveCfg = Release|Any CPU
		{0FC462B4-291B-4271-92BB-DC72F60A6015}.Release|Any CPU.Build.0 = Release|Any CPU
		{9E6DC8A6-2BAF-47E5-AA05-72DAF3037DE3}.Debug|Any CPU.ActiveCfg = Debug|Any CPU
		{9E6DC8A6-2BAF-47E5-AA05-72DAF3037DE3}.Debug|Any CPU.Build.0 = Debug|Any CPU
		{9E6DC8A6-2BAF-47E5-AA05-72DAF3037DE3}.Release|Any CPU.ActiveCfg = Release|Any CPU
		{9E6DC8A6-2BAF-47E5-AA05-72DAF3037DE3}.Release|Any CPU.Build.0 = Release|Any CPU
		{1C489AA6-9609-41AA-BAC8-A8BB6F693C37}.Debug|Any CPU.ActiveCfg = Debug|Any CPU
		{1C489AA6-9609-41AA-BAC8-A8BB6F693C37}.Debug|Any CPU.Build.0 = Debug|Any CPU
		{1C489AA6-9609-41AA-BAC8-A8BB6F693C37}.Release|Any CPU.ActiveCfg = Release|Any CPU
		{1C489AA6-9609-41AA-BAC8-A8BB6F693C37}.Release|Any CPU.Build.0 = Release|Any CPU
		{CB6D2623-FBF4-4D7E-8149-7AE6EC1FF8BE}.Debug|Any CPU.ActiveCfg = Debug|Any CPU
		{CB6D2623-FBF4-4D7E-8149-7AE6EC1FF8BE}.Debug|Any CPU.Build.0 = Debug|Any CPU
		{CB6D2623-FBF4-4D7E-8149-7AE6EC1FF8BE}.Release|Any CPU.ActiveCfg = Release|Any CPU
		{CB6D2623-FBF4-4D7E-8149-7AE6EC1FF8BE}.Release|Any CPU.Build.0 = Release|Any CPU
		{ED2A30D1-3500-4D5E-8519-2D6DCF82BD2E}.Debug|Any CPU.ActiveCfg = Debug|Any CPU
		{ED2A30D1-3500-4D5E-8519-2D6DCF82BD2E}.Debug|Any CPU.Build.0 = Debug|Any CPU
		{ED2A30D1-3500-4D5E-8519-2D6DCF82BD2E}.Release|Any CPU.ActiveCfg = Release|Any CPU
		{ED2A30D1-3500-4D5E-8519-2D6DCF82BD2E}.Release|Any CPU.Build.0 = Release|Any CPU
		{49E7D858-DB3E-48F0-84C7-2A457231BE0A}.Debug|Any CPU.ActiveCfg = Debug|Any CPU
		{49E7D858-DB3E-48F0-84C7-2A457231BE0A}.Debug|Any CPU.Build.0 = Debug|Any CPU
		{49E7D858-DB3E-48F0-84C7-2A457231BE0A}.Release|Any CPU.ActiveCfg = Release|Any CPU
		{49E7D858-DB3E-48F0-84C7-2A457231BE0A}.Release|Any CPU.Build.0 = Release|Any CPU
		{5D52AEE6-3709-41FB-BFA0-D25B1DD61FC2}.Debug|Any CPU.ActiveCfg = Debug|Any CPU
		{5D52AEE6-3709-41FB-BFA0-D25B1DD61FC2}.Debug|Any CPU.Build.0 = Debug|Any CPU
		{5D52AEE6-3709-41FB-BFA0-D25B1DD61FC2}.Release|Any CPU.ActiveCfg = Release|Any CPU
		{5D52AEE6-3709-41FB-BFA0-D25B1DD61FC2}.Release|Any CPU.Build.0 = Release|Any CPU
	EndGlobalSection
	GlobalSection(SolutionProperties) = preSolution
		HideSolutionNode = FALSE
	EndGlobalSection
EndGlobal
