
Microsoft Visual Studio Solution File, Format Version 12.00
# Visual Studio 2013
VisualStudioVersion = 12.0.31101.0
MinimumVisualStudioVersion = 10.0.40219.1
Project("{CC5FD16D-436D-48AD-A40C-5A424C6E3E79}") = "Cloud", "Cloud\Cloud.ccproj", "{B95529DA-DAA0-4FEF-968C-A00B8532DBCF}"
EndProject
Project("{FAE04EC0-301F-11D3-BF4B-00C04F79EFBC}") = "Platform", "Platform\Platform.csproj", "{B6F2D14F-93E1-4A19-87BB-8CDCEBE5183E}"
EndProject
Project("{FAE04EC0-301F-11D3-BF4B-00C04F79EFBC}") = "Automation Service", "Automation Service\Automation Service.csproj", "{19E7BC60-3243-45F4-A197-23A5C6D24BD2}"
EndProject
Global
	GlobalSection(SolutionConfigurationPlatforms) = preSolution
		Debug|Any CPU = Debug|Any CPU
		Release|Any CPU = Release|Any CPU
	EndGlobalSection
	GlobalSection(ProjectConfigurationPlatforms) = postSolution
		{B95529DA-DAA0-4FEF-968C-A00B8532DBCF}.Debug|Any CPU.ActiveCfg = Debug|Any CPU
		{B95529DA-DAA0-4FEF-968C-A00B8532DBCF}.Debug|Any CPU.Build.0 = Debug|Any CPU
		{B95529DA-DAA0-4FEF-968C-A00B8532DBCF}.Release|Any CPU.ActiveCfg = Release|Any CPU
		{B95529DA-DAA0-4FEF-968C-A00B8532DBCF}.Release|Any CPU.Build.0 = Release|Any CPU
		{B6F2D14F-93E1-4A19-87BB-8CDCEBE5183E}.Debug|Any CPU.ActiveCfg = Debug|Any CPU
		{B6F2D14F-93E1-4A19-87BB-8CDCEBE5183E}.Debug|Any CPU.Build.0 = Debug|Any CPU
		{B6F2D14F-93E1-4A19-87BB-8CDCEBE5183E}.Release|Any CPU.ActiveCfg = Release|Any CPU
		{B6F2D14F-93E1-4A19-87BB-8CDCEBE5183E}.Release|Any CPU.Build.0 = Release|Any CPU
		{19E7BC60-3243-45F4-A197-23A5C6D24BD2}.Debug|Any CPU.ActiveCfg = Debug|Any CPU
		{19E7BC60-3243-45F4-A197-23A5C6D24BD2}.Debug|Any CPU.Build.0 = Debug|Any CPU
		{19E7BC60-3243-45F4-A197-23A5C6D24BD2}.Release|Any CPU.ActiveCfg = Release|Any CPU
		{19E7BC60-3243-45F4-A197-23A5C6D24BD2}.Release|Any CPU.Build.0 = Release|Any CPU
	EndGlobalSection
	GlobalSection(SolutionProperties) = preSolution
		HideSolutionNode = FALSE
	EndGlobalSection
EndGlobal
